
Microsoft Visual Studio Solution File, Format Version 12.00
# Visual Studio Version 17
VisualStudioVersion = 17.5.33516.290
MinimumVisualStudioVersion = 10.0.40219.1
Project("{9A19103F-16F7-4668-BE54-9A1E7A4F7556}") = "01. ListTest", "ListTest\01. ListTest.csproj", "{DA8DDA60-C2F1-4596-8E9C-4BEEAFBFAF5C}"
EndProject
Project("{9A19103F-16F7-4668-BE54-9A1E7A4F7556}") = "02 .LinkedListTest", "LinkedListTest\02 .LinkedListTest.csproj", "{C5B5F2C5-950D-4BAD-8F2E-65BB8A6670BF}"
EndProject
Project("{9A19103F-16F7-4668-BE54-9A1E7A4F7556}") = "03. IteratorTest", "IteratorTest\03. IteratorTest.csproj", "{D0CBB99B-877F-488F-9D47-3C29EBCFAF5F}"
EndProject
Project("{9A19103F-16F7-4668-BE54-9A1E7A4F7556}") = "04. Stack & Queue Test", "Stack & Queue Test\04. Stack & Queue Test.csproj", "{F9FB7EF7-E720-438A-A2D8-C0207AFCEB51}"
EndProject
Project("{9A19103F-16F7-4668-BE54-9A1E7A4F7556}") = "05. PriorityQueue Test", "PriorityQueue Test\05. PriorityQueue Test.csproj", "{DD04D78E-75D9-47F1-BA84-A5CA4069DE08}"
EndProject
Project("{FAE04EC0-301F-11D3-BF4B-00C04F79EFBC}") = "06. BinarySearchTree Test", "BinarySearchTree Test\06. BinarySearchTree Test.csproj", "{5095F528-D4AE-4375-9F1B-725FAFE3FEC4}"
EndProject
Global
	GlobalSection(SolutionConfigurationPlatforms) = preSolution
		Debug|Any CPU = Debug|Any CPU
		Release|Any CPU = Release|Any CPU
	EndGlobalSection
	GlobalSection(ProjectConfigurationPlatforms) = postSolution
		{DA8DDA60-C2F1-4596-8E9C-4BEEAFBFAF5C}.Debug|Any CPU.ActiveCfg = Debug|Any CPU
		{DA8DDA60-C2F1-4596-8E9C-4BEEAFBFAF5C}.Debug|Any CPU.Build.0 = Debug|Any CPU
		{DA8DDA60-C2F1-4596-8E9C-4BEEAFBFAF5C}.Release|Any CPU.ActiveCfg = Release|Any CPU
		{DA8DDA60-C2F1-4596-8E9C-4BEEAFBFAF5C}.Release|Any CPU.Build.0 = Release|Any CPU
		{C5B5F2C5-950D-4BAD-8F2E-65BB8A6670BF}.Debug|Any CPU.ActiveCfg = Debug|Any CPU
		{C5B5F2C5-950D-4BAD-8F2E-65BB8A6670BF}.Debug|Any CPU.Build.0 = Debug|Any CPU
		{C5B5F2C5-950D-4BAD-8F2E-65BB8A6670BF}.Release|Any CPU.ActiveCfg = Release|Any CPU
		{C5B5F2C5-950D-4BAD-8F2E-65BB8A6670BF}.Release|Any CPU.Build.0 = Release|Any CPU
		{D0CBB99B-877F-488F-9D47-3C29EBCFAF5F}.Debug|Any CPU.ActiveCfg = Debug|Any CPU
		{D0CBB99B-877F-488F-9D47-3C29EBCFAF5F}.Debug|Any CPU.Build.0 = Debug|Any CPU
		{D0CBB99B-877F-488F-9D47-3C29EBCFAF5F}.Release|Any CPU.ActiveCfg = Release|Any CPU
		{D0CBB99B-877F-488F-9D47-3C29EBCFAF5F}.Release|Any CPU.Build.0 = Release|Any CPU
		{F9FB7EF7-E720-438A-A2D8-C0207AFCEB51}.Debug|Any CPU.ActiveCfg = Debug|Any CPU
		{F9FB7EF7-E720-438A-A2D8-C0207AFCEB51}.Debug|Any CPU.Build.0 = Debug|Any CPU
		{F9FB7EF7-E720-438A-A2D8-C0207AFCEB51}.Release|Any CPU.ActiveCfg = Release|Any CPU
		{F9FB7EF7-E720-438A-A2D8-C0207AFCEB51}.Release|Any CPU.Build.0 = Release|Any CPU
		{DD04D78E-75D9-47F1-BA84-A5CA4069DE08}.Debug|Any CPU.ActiveCfg = Debug|Any CPU
		{DD04D78E-75D9-47F1-BA84-A5CA4069DE08}.Debug|Any CPU.Build.0 = Debug|Any CPU
		{DD04D78E-75D9-47F1-BA84-A5CA4069DE08}.Release|Any CPU.ActiveCfg = Release|Any CPU
		{DD04D78E-75D9-47F1-BA84-A5CA4069DE08}.Release|Any CPU.Build.0 = Release|Any CPU
		{5095F528-D4AE-4375-9F1B-725FAFE3FEC4}.Debug|Any CPU.ActiveCfg = Debug|Any CPU
		{5095F528-D4AE-4375-9F1B-725FAFE3FEC4}.Debug|Any CPU.Build.0 = Debug|Any CPU
		{5095F528-D4AE-4375-9F1B-725FAFE3FEC4}.Release|Any CPU.ActiveCfg = Release|Any CPU
		{5095F528-D4AE-4375-9F1B-725FAFE3FEC4}.Release|Any CPU.Build.0 = Release|Any CPU
	EndGlobalSection
	GlobalSection(SolutionProperties) = preSolution
		HideSolutionNode = FALSE
	EndGlobalSection
	GlobalSection(ExtensibilityGlobals) = postSolution
		SolutionGuid = {A694C8FC-2A58-46A9-B783-D9F5B1D71C94}
	EndGlobalSection
EndGlobal
